
Microsoft Visual Studio Solution File, Format Version 12.00
# Visual Studio Version 17
VisualStudioVersion = 17.11.35222.181
MinimumVisualStudioVersion = 10.0.40219.1
Project("{9A19103F-16F7-4668-BE54-9A1E7A4F7556}") = "questao_1", "questao_1\questao_1.csproj", "{B7D2B8B4-7FBE-4D53-A71D-265BC5929EE2}"
EndProject
Project("{9A19103F-16F7-4668-BE54-9A1E7A4F7556}") = "questao_2", "..\questao_2\questao_2.csproj", "{C3C6F205-A7E7-4E29-AF80-5E0D68FB6FBE}"
EndProject
Project("{9A19103F-16F7-4668-BE54-9A1E7A4F7556}") = "questao_3", "..\questao_3\questao_3.csproj", "{BA7C80E9-380A-4AF9-AC5F-AD345A27FE23}"
EndProject
Project("{FAE04EC0-301F-11D3-BF4B-00C04F79EFBC}") = "questao_4", "..\questao_4\questao_4.csproj", "{BDF4B2AF-B531-4B59-9D60-9F8D651B7065}"
EndProject
Project("{FAE04EC0-301F-11D3-BF4B-00C04F79EFBC}") = "questao_5", "..\questao_5\questao_5.csproj", "{BC162359-E828-4BBC-A9D9-24632DE9E5E6}"
EndProject
Global
	GlobalSection(SolutionConfigurationPlatforms) = preSolution
		Debug|Any CPU = Debug|Any CPU
		Release|Any CPU = Release|Any CPU
	EndGlobalSection
	GlobalSection(ProjectConfigurationPlatforms) = postSolution
		{B7D2B8B4-7FBE-4D53-A71D-265BC5929EE2}.Debug|Any CPU.ActiveCfg = Debug|Any CPU
		{B7D2B8B4-7FBE-4D53-A71D-265BC5929EE2}.Debug|Any CPU.Build.0 = Debug|Any CPU
		{B7D2B8B4-7FBE-4D53-A71D-265BC5929EE2}.Release|Any CPU.ActiveCfg = Release|Any CPU
		{B7D2B8B4-7FBE-4D53-A71D-265BC5929EE2}.Release|Any CPU.Build.0 = Release|Any CPU
		{C3C6F205-A7E7-4E29-AF80-5E0D68FB6FBE}.Debug|Any CPU.ActiveCfg = Debug|Any CPU
		{C3C6F205-A7E7-4E29-AF80-5E0D68FB6FBE}.Debug|Any CPU.Build.0 = Debug|Any CPU
		{C3C6F205-A7E7-4E29-AF80-5E0D68FB6FBE}.Release|Any CPU.ActiveCfg = Release|Any CPU
		{C3C6F205-A7E7-4E29-AF80-5E0D68FB6FBE}.Release|Any CPU.Build.0 = Release|Any CPU
		{BA7C80E9-380A-4AF9-AC5F-AD345A27FE23}.Debug|Any CPU.ActiveCfg = Debug|Any CPU
		{BA7C80E9-380A-4AF9-AC5F-AD345A27FE23}.Debug|Any CPU.Build.0 = Debug|Any CPU
		{BA7C80E9-380A-4AF9-AC5F-AD345A27FE23}.Release|Any CPU.ActiveCfg = Release|Any CPU
		{BA7C80E9-380A-4AF9-AC5F-AD345A27FE23}.Release|Any CPU.Build.0 = Release|Any CPU
		{BDF4B2AF-B531-4B59-9D60-9F8D651B7065}.Debug|Any CPU.ActiveCfg = Debug|Any CPU
		{BDF4B2AF-B531-4B59-9D60-9F8D651B7065}.Debug|Any CPU.Build.0 = Debug|Any CPU
		{BDF4B2AF-B531-4B59-9D60-9F8D651B7065}.Release|Any CPU.ActiveCfg = Release|Any CPU
		{BDF4B2AF-B531-4B59-9D60-9F8D651B7065}.Release|Any CPU.Build.0 = Release|Any CPU
		{BC162359-E828-4BBC-A9D9-24632DE9E5E6}.Debug|Any CPU.ActiveCfg = Debug|Any CPU
		{BC162359-E828-4BBC-A9D9-24632DE9E5E6}.Debug|Any CPU.Build.0 = Debug|Any CPU
		{BC162359-E828-4BBC-A9D9-24632DE9E5E6}.Release|Any CPU.ActiveCfg = Release|Any CPU
		{BC162359-E828-4BBC-A9D9-24632DE9E5E6}.Release|Any CPU.Build.0 = Release|Any CPU
	EndGlobalSection
	GlobalSection(SolutionProperties) = preSolution
		HideSolutionNode = FALSE
	EndGlobalSection
	GlobalSection(ExtensibilityGlobals) = postSolution
		SolutionGuid = {C651E040-1476-4DD2-8264-94117889239B}
	EndGlobalSection
EndGlobal
